<?xml version="1.0" encoding="utf-8"?>
<Project ToolsVersion="4.0" xmlns="http://schemas.microsoft.com/developer/msbuild/2003">
  <ItemGroup>
    <ClCompile Include="CvvImage.cpp">
      <Filter>原始程式檔</Filter>
    </ClCompile>
    <ClCompile Include="SHHuang.cpp">
      <Filter>原始程式檔</Filter>
    </ClCompile>
    <ClCompile Include="SHHuangDlg.cpp">
      <Filter>原始程式檔</Filter>
    </ClCompile>
    <ClCompile Include="stdafx.cpp">
      <Filter>原始程式檔</Filter>
    </ClCompile>
    <ClCompile Include="Serial.cpp">
      <Filter>原始程式檔</Filter>
    </ClCompile>
  </ItemGroup>
  <ItemGroup>
    <ClInclude Include="CvvImage.h">
      <Filter>標頭檔</Filter>
    </ClInclude>
    <ClInclude Include="Resource.h">
      <Filter>標頭檔</Filter>
    </ClInclude>
    <ClInclude Include="SHHuang.h">
      <Filter>標頭檔</Filter>
    </ClInclude>
    <ClInclude Include="SHHuangDlg.h">
      <Filter>標頭檔</Filter>
    </ClInclude>
    <ClInclude Include="stdafx.h">
      <Filter>標頭檔</Filter>
    </ClInclude>
    <ClInclude Include="targetver.h">
      <Filter>標頭檔</Filter>
    </ClInclude>
    <ClInclude Include="RSocket.h">
      <Filter>標頭檔</Filter>
    </ClInclude>
  </ItemGroup>
  <ItemGroup>
    <None Include="ClassDiagram1.cd" />
    <None Include="res\SHHuang.rc2">
      <Filter>資源檔</Filter>
    </None>
    <None Include="ClassDiagram.cd" />
  </ItemGroup>
  <ItemGroup>
    <Text Include="ReadMe.txt" />
  </ItemGroup>
  <ItemGroup>
    <Filter Include="資源檔">
      <UniqueIdentifier>{fa1266f5-cfd6-468f-a1b3-41472c4f848d}</UniqueIdentifier>
    </Filter>
    <Filter Include="原始程式檔">
      <UniqueIdentifier>{4715c1d4-5816-4dbb-bdfe-ec7470e8ee1c}</UniqueIdentifier>
    </Filter>
    <Filter Include="標頭檔">
      <UniqueIdentifier>{f732a915-299f-42b2-a49f-2875d5be18eb}</UniqueIdentifier>
    </Filter>
  </ItemGroup>
  <ItemGroup>
    <Image Include="res\SHHuang.ico">
      <Filter>資源檔</Filter>
    </Image>
  </ItemGroup>
  <ItemGroup>
    <ResourceCompile Include="SHHuang.rc">
      <Filter>資源檔</Filter>
    </ResourceCompile>
  </ItemGroup>
</Project>